# generated by rye
# use `rye lock` or `rye sync` to update this lockfile
#
# last locked with the following flags:
#   pre: false
#   features: []
#   all-features: false
#   with-sources: false
#   generate-hashes: false

-e file:.
aiohttp==3.9.3
    # via aioresponses
    # via alist-mikananirss
aioresponses==0.7.6
aiosignal==1.3.1
    # via aiohttp
annotated-types==0.6.0
    # via pydantic
anyio==4.3.0
    # via httpx
    # via openai
asttokens==2.4.1
    # via stack-data
asyncio==3.4.3
    # via alist-mikananirss
attrs==23.2.0
    # via aiohttp
beautifulsoup4==4.12.3
    # via alist-mikananirss
black==24.3.0
certifi==2024.2.2
    # via httpcore
    # via httpx
    # via requests
charset-normalizer==3.3.2
    # via requests
click==8.1.7
    # via black
colorama==0.4.6
    # via click
    # via ipython
    # via loguru
    # via pytest
    # via tqdm
comm==0.2.2
    # via ipykernel
coverage==7.6.1
debugpy==1.8.1
    # via ipykernel
decorator==5.1.1
    # via ipython
distro==1.9.0
    # via openai
executing==2.0.1
    # via stack-data
feedparser==6.0.11
    # via alist-mikananirss
frozenlist==1.4.1
    # via aiohttp
    # via aiosignal
h11==0.14.0
    # via httpcore
httpcore==1.0.5
    # via httpx
httpx==0.27.0
    # via openai
idna==3.6
    # via anyio
    # via httpx
    # via requests
    # via yarl
iniconfig==2.0.0
    # via pytest
ipykernel==6.29.4
ipython==8.23.0
    # via ipykernel
jedi==0.19.1
    # via ipython
jupyter-client==8.6.1
    # via ipykernel
jupyter-core==5.7.2
    # via ipykernel
    # via jupyter-client
loguru==0.7.2
    # via alist-mikananirss
matplotlib-inline==0.1.6
    # via ipykernel
    # via ipython
multidict==6.0.5
    # via aiohttp
    # via yarl
mypy-extensions==1.0.0
    # via black
nest-asyncio==1.6.0
    # via ipykernel
openai==1.7.0
    # via alist-mikananirss
packaging==24.0
    # via black
    # via ipykernel
    # via pytest
parso==0.8.4
    # via jedi
pathspec==0.12.1
    # via black
platformdirs==4.2.0
    # via black
    # via jupyter-core
pluggy==1.4.0
    # via pytest
prompt-toolkit==3.0.43
    # via ipython
psutil==5.9.8
    # via ipykernel
pure-eval==0.2.2
    # via stack-data
pydantic==2.6.4
    # via openai
pydantic-core==2.16.3
    # via pydantic
pygments==2.17.2
    # via ipython
pytest==8.1.1
    # via pytest-asyncio
pytest-asyncio==0.23.6
python-dateutil==2.9.0.post0
    # via jupyter-client
pywin32==306
    # via jupyter-core
pyyaml==6.0.1
    # via alist-mikananirss
pyzmq==25.1.2
    # via ipykernel
    # via jupyter-client
requests==2.31.0
ruff==0.3.5
sgmllib3k==1.0.0
    # via feedparser
six==1.16.0
    # via asttokens
    # via python-dateutil
sniffio==1.3.1
    # via anyio
    # via httpx
    # via openai
soupsieve==2.5
    # via beautifulsoup4
stack-data==0.6.3
    # via ipython
tornado==6.4
    # via ipykernel
    # via jupyter-client
tqdm==4.66.2
    # via openai
traitlets==5.14.2
    # via comm
    # via ipykernel
    # via ipython
    # via jupyter-client
    # via jupyter-core
    # via matplotlib-inline
typing-extensions==4.11.0
    # via ipython
    # via openai
    # via pydantic
    # via pydantic-core
urllib3==2.2.1
    # via requests
wcwidth==0.2.13
    # via prompt-toolkit
win32-setctime==1.1.0
    # via loguru
yarl==1.9.4
    # via aiohttp
